
Microsoft Visual Studio Solution File, Format Version 12.00
# Visual Studio Version 16
VisualStudioVersion = 16.0.30804.86
MinimumVisualStudioVersion = 10.0.40219.1
Project("{FAE04EC0-301F-11D3-BF4B-00C04F79EFBC}") = "ConnectFour", "ConnectFour\ConnectFour.csproj", "{A8A8B5CC-C9C9-47E6-A638-79EC6C64A9F0}"
EndProject
Global
	GlobalSection(SolutionConfigurationPlatforms) = preSolution
		Debug|Any CPU = Debug|Any CPU
		Release|Any CPU = Release|Any CPU
	EndGlobalSection
	GlobalSection(ProjectConfigurationPlatforms) = postSolution
		{A8A8B5CC-C9C9-47E6-A638-79EC6C64A9F0}.Debug|Any CPU.ActiveCfg = Debug|Any CPU
		{A8A8B5CC-C9C9-47E6-A638-79EC6C64A9F0}.Debug|Any CPU.Build.0 = Debug|Any CPU
		{A8A8B5CC-C9C9-47E6-A638-79EC6C64A9F0}.Release|Any CPU.ActiveCfg = Release|Any CPU
		{A8A8B5CC-C9C9-47E6-A638-79EC6C64A9F0}.Release|Any CPU.Build.0 = Release|Any CPU
	EndGlobalSection
	GlobalSection(SolutionProperties) = preSolution
		HideSolutionNode = FALSE
	EndGlobalSection
	GlobalSection(ExtensibilityGlobals) = postSolution
		SolutionGuid = {50626BF9-64AC-4163-80F9-9AAE9C67F9BA}
	EndGlobalSection
EndGlobal
